
Microsoft Visual Studio Solution File, Format Version 12.00
# Visual Studio Version 17
VisualStudioVersion = 17.7.34202.233
MinimumVisualStudioVersion = 10.0.40219.1
Project("{FAE04EC0-301F-11D3-BF4B-00C04F79EFBC}") = "Datos", "Datos\Datos.csproj", "{862AE9DF-9DBF-4456-85E5-55EBD83DE648}"
EndProject
Project("{FAE04EC0-301F-11D3-BF4B-00C04F79EFBC}") = "Logica", "Logica\Logica.csproj", "{357CDAA2-0C82-4503-A927-DF7CB78E848B}"
EndProject
Project("{FAE04EC0-301F-11D3-BF4B-00C04F79EFBC}") = "Presentacion", "Presentacion\Presentacion.csproj", "{8142DCC5-1087-4652-B679-E6DE3814236F}"
EndProject
Global
	GlobalSection(SolutionConfigurationPlatforms) = preSolution
		Debug|Any CPU = Debug|Any CPU
		Release|Any CPU = Release|Any CPU
	EndGlobalSection
	GlobalSection(ProjectConfigurationPlatforms) = postSolution
		{862AE9DF-9DBF-4456-85E5-55EBD83DE648}.Debug|Any CPU.ActiveCfg = Debug|Any CPU
		{862AE9DF-9DBF-4456-85E5-55EBD83DE648}.Debug|Any CPU.Build.0 = Debug|Any CPU
		{862AE9DF-9DBF-4456-85E5-55EBD83DE648}.Release|Any CPU.ActiveCfg = Release|Any CPU
		{862AE9DF-9DBF-4456-85E5-55EBD83DE648}.Release|Any CPU.Build.0 = Release|Any CPU
		{357CDAA2-0C82-4503-A927-DF7CB78E848B}.Debug|Any CPU.ActiveCfg = Debug|Any CPU
		{357CDAA2-0C82-4503-A927-DF7CB78E848B}.Debug|Any CPU.Build.0 = Debug|Any CPU
		{357CDAA2-0C82-4503-A927-DF7CB78E848B}.Release|Any CPU.ActiveCfg = Release|Any CPU
		{357CDAA2-0C82-4503-A927-DF7CB78E848B}.Release|Any CPU.Build.0 = Release|Any CPU
		{8142DCC5-1087-4652-B679-E6DE3814236F}.Debug|Any CPU.ActiveCfg = Debug|Any CPU
		{8142DCC5-1087-4652-B679-E6DE3814236F}.Debug|Any CPU.Build.0 = Debug|Any CPU
		{8142DCC5-1087-4652-B679-E6DE3814236F}.Release|Any CPU.ActiveCfg = Release|Any CPU
		{8142DCC5-1087-4652-B679-E6DE3814236F}.Release|Any CPU.Build.0 = Release|Any CPU
	EndGlobalSection
	GlobalSection(SolutionProperties) = preSolution
		HideSolutionNode = FALSE
	EndGlobalSection
	GlobalSection(ExtensibilityGlobals) = postSolution
		SolutionGuid = {46D83F07-5DD7-4618-B70E-952F0F43C27A}
	EndGlobalSection
EndGlobal
